
Microsoft Visual Studio Solution File, Format Version 12.00
# Visual Studio Version 17
VisualStudioVersion = 17.8.34525.116
MinimumVisualStudioVersion = 10.0.40219.1
Project("{FAE04EC0-301F-11D3-BF4B-00C04F79EFBC}") = "BookCategories.Infrastructure", "BookCategories.Infrastructure\BookCategories.Infrastructure.csproj", "{0EC9274F-8880-4987-9FB0-685E486F1EAA}"
EndProject
Project("{FAE04EC0-301F-11D3-BF4B-00C04F79EFBC}") = "BookCategories.Domain", "BookCategories.Domain\BookCategories.Domain.csproj", "{018A2FED-1523-4134-8402-B14B2B842D95}"
EndProject
Project("{FAE04EC0-301F-11D3-BF4B-00C04F79EFBC}") = "BookCategories.WebAPI", "BookCategories.WebAPI\BookCategories.WebAPI.csproj", "{C87169A0-1D95-46E4-881A-DFBA5359EAE5}"
EndProject
Project("{FAE04EC0-301F-11D3-BF4B-00C04F79EFBC}") = "BookCategories.ApplicationService", "BookCategories.ApplicationService\BookCategories.ApplicationService.csproj", "{A3B77941-D8CD-4278-9CDE-7E41364DE7FE}"
EndProject
Global
	GlobalSection(SolutionConfigurationPlatforms) = preSolution
		Debug|Any CPU = Debug|Any CPU
		Release|Any CPU = Release|Any CPU
	EndGlobalSection
	GlobalSection(ProjectConfigurationPlatforms) = postSolution
		{0EC9274F-8880-4987-9FB0-685E486F1EAA}.Debug|Any CPU.ActiveCfg = Debug|Any CPU
		{0EC9274F-8880-4987-9FB0-685E486F1EAA}.Debug|Any CPU.Build.0 = Debug|Any CPU
		{0EC9274F-8880-4987-9FB0-685E486F1EAA}.Release|Any CPU.ActiveCfg = Release|Any CPU
		{0EC9274F-8880-4987-9FB0-685E486F1EAA}.Release|Any CPU.Build.0 = Release|Any CPU
		{018A2FED-1523-4134-8402-B14B2B842D95}.Debug|Any CPU.ActiveCfg = Debug|Any CPU
		{018A2FED-1523-4134-8402-B14B2B842D95}.Debug|Any CPU.Build.0 = Debug|Any CPU
		{018A2FED-1523-4134-8402-B14B2B842D95}.Release|Any CPU.ActiveCfg = Release|Any CPU
		{018A2FED-1523-4134-8402-B14B2B842D95}.Release|Any CPU.Build.0 = Release|Any CPU
		{C87169A0-1D95-46E4-881A-DFBA5359EAE5}.Debug|Any CPU.ActiveCfg = Debug|Any CPU
		{C87169A0-1D95-46E4-881A-DFBA5359EAE5}.Debug|Any CPU.Build.0 = Debug|Any CPU
		{C87169A0-1D95-46E4-881A-DFBA5359EAE5}.Release|Any CPU.ActiveCfg = Release|Any CPU
		{C87169A0-1D95-46E4-881A-DFBA5359EAE5}.Release|Any CPU.Build.0 = Release|Any CPU
		{A3B77941-D8CD-4278-9CDE-7E41364DE7FE}.Debug|Any CPU.ActiveCfg = Debug|Any CPU
		{A3B77941-D8CD-4278-9CDE-7E41364DE7FE}.Debug|Any CPU.Build.0 = Debug|Any CPU
		{A3B77941-D8CD-4278-9CDE-7E41364DE7FE}.Release|Any CPU.ActiveCfg = Release|Any CPU
		{A3B77941-D8CD-4278-9CDE-7E41364DE7FE}.Release|Any CPU.Build.0 = Release|Any CPU
	EndGlobalSection
	GlobalSection(SolutionProperties) = preSolution
		HideSolutionNode = FALSE
	EndGlobalSection
	GlobalSection(ExtensibilityGlobals) = postSolution
		SolutionGuid = {0EA1F2C2-5756-4339-9C88-783DE1FD656B}
	EndGlobalSection
EndGlobal
